// !$*UTF8*$!
{
	archiveVersion = 1;
	classes = {
	};
	objectVersion = 55;
	objects = {

/* Begin PBXBuildFile section */
		3289611B28AD4FEA00B36207 /* AppDelegate.swift in Sources */ = {isa = PBXBuildFile; fileRef = 3289611A28AD4FEA00B36207 /* AppDelegate.swift */; };
		3289611D28AD4FEA00B36207 /* SceneDelegate.swift in Sources */ = {isa = PBXBuildFile; fileRef = 3289611C28AD4FEA00B36207 /* SceneDelegate.swift */; };
		3289611F28AD4FEA00B36207 /* ViewController.swift in Sources */ = {isa = PBXBuildFile; fileRef = 3289611E28AD4FEA00B36207 /* ViewController.swift */; };
		3289612228AD4FEA00B36207 /* Main.storyboard in Resources */ = {isa = PBXBuildFile; fileRef = 3289612028AD4FEA00B36207 /* Main.storyboard */; };
		3289612428AD4FEC00B36207 /* Assets.xcassets in Resources */ = {isa = PBXBuildFile; fileRef = 3289612328AD4FEC00B36207 /* Assets.xcassets */; };
		3289612728AD4FEC00B36207 /* LaunchScreen.storyboard in Resources */ = {isa = PBXBuildFile; fileRef = 3289612528AD4FEC00B36207 /* LaunchScreen.storyboard */; };
		3289614928B08B1900B36207 /* data.json in Resources */ = {isa = PBXBuildFile; fileRef = 3289614828B08B1900B36207 /* data.json */; };
		3289614B28B09ECD00B36207 /* Models.swift in Sources */ = {isa = PBXBuildFile; fileRef = 3289614A28B09ECD00B36207 /* Models.swift */; };
		3289614D28B0F1B700B36207 /* DetailView.swift in Sources */ = {isa = PBXBuildFile; fileRef = 3289614C28B0F1B700B36207 /* DetailView.swift */; };
/* End PBXBuildFile section */

/* Begin PBXFileReference section */
		3289611728AD4FEA00B36207 /* Challenge5 Handle JSON with Good UI.app */ = {isa = PBXFileReference; explicitFileType = wrapper.application; includeInIndex = 0; path = "Challenge5 Handle JSON with Good UI.app"; sourceTree = BUILT_PRODUCTS_DIR; };
		3289611A28AD4FEA00B36207 /* AppDelegate.swift */ = {isa = PBXFileReference; lastKnownFileType = sourcecode.swift; path = AppDelegate.swift; sourceTree = "<group>"; };
		3289611C28AD4FEA00B36207 /* SceneDelegate.swift */ = {isa = PBXFileReference; lastKnownFileType = sourcecode.swift; path = SceneDelegate.swift; sourceTree = "<group>"; };
		3289611E28AD4FEA00B36207 /* ViewController.swift */ = {isa = PBXFileReference; lastKnownFileType = sourcecode.swift; path = ViewController.swift; sourceTree = "<group>"; };
		3289612128AD4FEA00B36207 /* Base */ = {isa = PBXFileReference; lastKnownFileType = file.storyboard; name = Base; path = Base.lproj/Main.storyboard; sourceTree = "<group>"; };
		3289612328AD4FEC00B36207 /* Assets.xcassets */ = {isa = PBXFileReference; lastKnownFileType = folder.assetcatalog; path = Assets.xcassets; sourceTree = "<group>"; };
		3289612628AD4FEC00B36207 /* Base */ = {isa = PBXFileReference; lastKnownFileType = file.storyboard; name = Base; path = Base.lproj/LaunchScreen.storyboard; sourceTree = "<group>"; };
		3289612828AD4FEC00B36207 /* Info.plist */ = {isa = PBXFileReference; lastKnownFileType = text.plist.xml; path = Info.plist; sourceTree = "<group>"; };
		3289614828B08B1900B36207 /* data.json */ = {isa = PBXFileReference; fileEncoding = 4; lastKnownFileType = text.json; path = data.json; sourceTree = "<group>"; };
		3289614A28B09ECD00B36207 /* Models.swift */ = {isa = PBXFileReference; lastKnownFileType = sourcecode.swift; path = Models.swift; sourceTree = "<group>"; };
		3289614C28B0F1B700B36207 /* DetailView.swift */ = {isa = PBXFileReference; lastKnownFileType = sourcecode.swift; path = DetailView.swift; sourceTree = "<group>"; };
/* End PBXFileReference section */

/* Begin PBXFrameworksBuildPhase section */
		3289611428AD4FEA00B36207 /* Frameworks */ = {
			isa = PBXFrameworksBuildPhase;
			buildActionMask = 2147483647;
			files = (
			);
			runOnlyForDeploymentPostprocessing = 0;
		};
/* End PBXFrameworksBuildPhase section */

/* Begin PBXGroup section */
		3289610E28AD4FEA00B36207 = {
			isa = PBXGroup;
			children = (
				3289611928AD4FEA00B36207 /* Challenge5 Handle JSON with Good UI */,
				3289611828AD4FEA00B36207 /* Products */,
			);
			sourceTree = "<group>";
		};
		3289611828AD4FEA00B36207 /* Products */ = {
			isa = PBXGroup;
			children = (
				3289611728AD4FEA00B36207 /* Challenge5 Handle JSON with Good UI.app */,
			);
			name = Products;
			sourceTree = "<group>";
		};
		3289611928AD4FEA00B36207 /* Challenge5 Handle JSON with Good UI */ = {
			isa = PBXGroup;
			children = (
				3289611A28AD4FEA00B36207 /* AppDelegate.swift */,
				3289611C28AD4FEA00B36207 /* SceneDelegate.swift */,
				3289611E28AD4FEA00B36207 /* ViewController.swift */,
				3289614C28B0F1B700B36207 /* DetailView.swift */,
				3289614A28B09ECD00B36207 /* Models.swift */,
				3289612328AD4FEC00B36207 /* Assets.xcassets */,
				3289612028AD4FEA00B36207 /* Main.storyboard */,
				3289612528AD4FEC00B36207 /* LaunchScreen.storyboard */,
				3289614828B08B1900B36207 /* data.json */,
				3289612828AD4FEC00B36207 /* Info.plist */,
			);
			path = "Challenge5 Handle JSON with Good UI";
			sourceTree = "<group>";
		};
/* End PBXGroup section */

/* Begin PBXNativeTarget section */
		3289611628AD4FEA00B36207 /* Challenge5 Handle JSON with Good UI */ = {
			isa = PBXNativeTarget;
			buildConfigurationList = 3289612B28AD4FEC00B36207 /* Build configuration list for PBXNativeTarget "Challenge5 Handle JSON with Good UI" */;
			buildPhases = (
				3289611328AD4FEA00B36207 /* Sources */,
				3289611428AD4FEA00B36207 /* Frameworks */,
				3289611528AD4FEA00B36207 /* Resources */,
			);
			buildRules = (
			);
			dependencies = (
			);
			name = "Challenge5 Handle JSON with Good UI";
			productName = "Challenge5 Handle JSON with Good UI";
			productReference = 3289611728AD4FEA00B36207 /* Challenge5 Handle JSON with Good UI.app */;
			productType = "com.apple.product-type.application";
		};
/* End PBXNativeTarget section */

/* Begin PBXProject section */
		3289610F28AD4FEA00B36207 /* Project object */ = {
			isa = PBXProject;
			attributes = {
				BuildIndependentTargetsInParallel = 1;
				LastSwiftUpdateCheck = 1330;
				LastUpgradeCheck = 1330;
				TargetAttributes = {
					3289611628AD4FEA00B36207 = {
						CreatedOnToolsVersion = 13.3;
					};
				};
			};
			buildConfigurationList = 3289611228AD4FEA00B36207 /* Build configuration list for PBXProject "Challenge5 Handle JSON with Good UI" */;
			compatibilityVersion = "Xcode 13.0";
			developmentRegion = en;
			hasScannedForEncodings = 0;
			knownRegions = (
				en,
				Base,
			);
			mainGroup = 3289610E28AD4FEA00B36207;
			productRefGroup = 3289611828AD4FEA00B36207 /* Products */;
			projectDirPath = "";
			projectRoot = "";
			targets = (
				3289611628AD4FEA00B36207 /* Challenge5 Handle JSON with Good UI */,
			);
		};
/* End PBXProject section */

/* Begin PBXResourcesBuildPhase section */
		3289611528AD4FEA00B36207 /* Resources */ = {
			isa = PBXResourcesBuildPhase;
			buildActionMask = 2147483647;
			files = (
				3289612728AD4FEC00B36207 /* LaunchScreen.storyboard in Resources */,
				3289612428AD4FEC00B36207 /* Assets.xcassets in Resources */,
				3289612228AD4FEA00B36207 /* Main.storyboard in Resources */,
				3289614928B08B1900B36207 /* data.json in Resources */,
			);
			runOnlyForDeploymentPostprocessing = 0;
		};
/* End PBXResourcesBuildPhase section */

/* Begin PBXSourcesBuildPhase section */
		3289611328AD4FEA00B36207 /* Sources */ = {
			isa = PBXSourcesBuildPhase;
			buildActionMask = 2147483647;
			files = (
				3289611F28AD4FEA00B36207 /* ViewController.swift in Sources */,
				3289611B28AD4FEA00B36207 /* AppDelegate.swift in Sources */,
				3289611D28AD4FEA00B36207 /* SceneDelegate.swift in Sources */,
				3289614D28B0F1B700B36207 /* DetailView.swift in Sources */,
				3289614B28B09ECD00B36207 /* Models.swift in Sources */,
			);
			runOnlyForDeploymentPostprocessing = 0;
		};
/* End PBXSourcesBuildPhase section */

/* Begin PBXVariantGroup section */
		3289612028AD4FEA00B36207 /* Main.storyboard */ = {
			isa = PBXVariantGroup;
			children = (
				3289612128AD4FEA00B36207 /* Base */,
			);
			name = Main.storyboard;
			sourceTree = "<group>";
		};
		3289612528AD4FEC00B36207 /* LaunchScreen.storyboard */ = {
			isa = PBXVariantGroup;
			children = (
				3289612628AD4FEC00B36207 /* Base */,
			);
			name = LaunchScreen.storyboard;
			sourceTree = "<group>";
		};
/* End PBXVariantGroup section */

/* Begin XCBuildConfiguration section */
		3289612928AD4FEC00B36207 /* Debug */ = {
			isa = XCBuildConfiguration;
			buildSettings = {
				ALWAYS_SEARCH_USER_PATHS = NO;
				CLANG_ANALYZER_NONNULL = YES;
				CLANG_ANALYZER_NUMBER_OBJECT_CONVERSION = YES_AGGRESSIVE;
				CLANG_CXX_LANGUAGE_STANDARD = "gnu++17";
				CLANG_ENABLE_MODULES = YES;
				CLANG_ENABLE_OBJC_ARC = YES;
				CLANG_ENABLE_OBJC_WEAK = YES;
				CLANG_WARN_BLOCK_CAPTURE_AUTORELEASING = YES;
				CLANG_WARN_BOOL_CONVERSION = YES;
				CLANG_WARN_COMMA = YES;
				CLANG_WARN_CONSTANT_CONVERSION = YES;
				CLANG_WARN_DEPRECATED_OBJC_IMPLEMENTATIONS = YES;
				CLANG_WARN_DIRECT_OBJC_ISA_USAGE = YES_ERROR;
				CLANG_WARN_DOCUMENTATION_COMMENTS = YES;
				CLANG_WARN_EMPTY_BODY = YES;
				CLANG_WARN_ENUM_CONVERSION = YES;
				CLANG_WARN_INFINITE_RECURSION = YES;
				CLANG_WARN_INT_CONVERSION = YES;
				CLANG_WARN_NON_LITERAL_NULL_CONVERSION = YES;
				CLANG_WARN_OBJC_IMPLICIT_RETAIN_SELF = YES;
				CLANG_WARN_OBJC_LITERAL_CONVERSION = YES;
				CLANG_WARN_OBJC_ROOT_CLASS = YES_ERROR;
				CLANG_WARN_QUOTED_INCLUDE_IN_FRAMEWORK_HEADER = YES;
				CLANG_WARN_RANGE_LOOP_ANALYSIS = YES;
				CLANG_WARN_STRICT_PROTOTYPES = YES;
				CLANG_WARN_SUSPICIOUS_MOVE = YES;
				CLANG_WARN_UNGUARDED_AVAILABILITY = YES_AGGRESSIVE;
				CLANG_WARN_UNREACHABLE_CODE = YES;
				CLANG_WARN__DUPLICATE_METHOD_MATCH = YES;
				COPY_PHASE_STRIP = NO;
				DEBUG_INFORMATION_FORMAT = dwarf;
				ENABLE_STRICT_OBJC_MSGSEND = YES;
				ENABLE_TESTABILITY = YES;
				GCC_C_LANGUAGE_STANDARD = gnu11;
				GCC_DYNAMIC_NO_PIC = NO;
				GCC_NO_COMMON_BLOCKS = YES;
				GCC_OPTIMIZATION_LEVEL = 0;
				GCC_PREPROCESSOR_DEFINITIONS = (
					"DEBUG=1",
					"$(inherited)",
				);
				GCC_WARN_64_TO_32_BIT_CONVERSION = YES;
				GCC_WARN_ABOUT_RETURN_TYPE = YES_ERROR;
				GCC_WARN_UNDECLARED_SELECTOR = YES;
				GCC_WARN_UNINITIALIZED_AUTOS = YES_AGGRESSIVE;
				GCC_WARN_UNUSED_FUNCTION = YES;
				GCC_WARN_UNUSED_VARIABLE = YES;
				IPHONEOS_DEPLOYMENT_TARGET = 15.4;
				MTL_ENABLE_DEBUG_INFO = INCLUDE_SOURCE;
				MTL_FAST_MATH = YES;
				ONLY_ACTIVE_ARCH = YES;
				SDKROOT = iphoneos;
				SWIFT_ACTIVE_COMPILATION_CONDITIONS = DEBUG;
				SWIFT_OPTIMIZATION_LEVEL = "-Onone";
			};
			name = Debug;
		};
		3289612A28AD4FEC00B36207 /* Release */ = {
			isa = XCBuildConfiguration;
			buildSettings = {
				ALWAYS_SEARCH_USER_PATHS = NO;
				CLANG_ANALYZER_NONNULL = YES;
				CLANG_ANALYZER_NUMBER_OBJECT_CONVERSION = YES_AGGRESSIVE;
				CLANG_CXX_LANGUAGE_STANDARD = "gnu++17";
				CLANG_ENABLE_MODULES = YES;
				CLANG_ENABLE_OBJC_ARC = YES;
				CLANG_ENABLE_OBJC_WEAK = YES;
				CLANG_WARN_BLOCK_CAPTURE_AUTORELEASING = YES;
				CLANG_WARN_BOOL_CONVERSION = YES;
				CLANG_WARN_COMMA = YES;
				CLANG_WARN_CONSTANT_CONVERSION = YES;
				CLANG_WARN_DEPRECATED_OBJC_IMPLEMENTATIONS = YES;
				CLANG_WARN_DIRECT_OBJC_ISA_USAGE = YES_ERROR;
				CLANG_WARN_DOCUMENTATION_COMMENTS = YES;
				CLANG_WARN_EMPTY_BODY = YES;
				CLANG_WARN_ENUM_CONVERSION = YES;
				CLANG_WARN_INFINITE_RECURSION = YES;
				CLANG_WARN_INT_CONVERSION = YES;
				CLANG_WARN_NON_LITERAL_NULL_CONVERSION = YES;
				CLANG_WARN_OBJC_IMPLICIT_RETAIN_SELF = YES;
				CLANG_WARN_OBJC_LITERAL_CONVERSION = YES;
				CLANG_WARN_OBJC_ROOT_CLASS = YES_ERROR;
				CLANG_WARN_QUOTED_INCLUDE_IN_FRAMEWORK_HEADER = YES;
				CLANG_WARN_RANGE_LOOP_ANALYSIS = YES;
				CLANG_WARN_STRICT_PROTOTYPES = YES;
				CLANG_WARN_SUSPICIOUS_MOVE = YES;
				CLANG_WARN_UNGUARDED_AVAILABILITY = YES_AGGRESSIVE;
				CLANG_WARN_UNREACHABLE_CODE = YES;
				CLANG_WARN__DUPLICATE_METHOD_MATCH = YES;
				COPY_PHASE_STRIP = NO;
				DEBUG_INFORMATION_FORMAT = "dwarf-with-dsym";
				ENABLE_NS_ASSERTIONS = NO;
				ENABLE_STRICT_OBJC_MSGSEND = YES;
				GCC_C_LANGUAGE_STANDARD = gnu11;
				GCC_NO_COMMON_BLOCKS = YES;
				GCC_WARN_64_TO_32_BIT_CONVERSION = YES;
				GCC_WARN_ABOUT_RETURN_TYPE = YES_ERROR;
				GCC_WARN_UNDECLARED_SELECTOR = YES;
				GCC_WARN_UNINITIALIZED_AUTOS = YES_AGGRESSIVE;
				GCC_WARN_UNUSED_FUNCTION = YES;
				GCC_WARN_UNUSED_VARIABLE = YES;
				IPHONEOS_DEPLOYMENT_TARGET = 15.4;
				MTL_ENABLE_DEBUG_INFO = NO;
				MTL_FAST_MATH = YES;
				SDKROOT = iphoneos;
				SWIFT_COMPILATION_MODE = wholemodule;
				SWIFT_OPTIMIZATION_LEVEL = "-O";
				VALIDATE_PRODUCT = YES;
			};
			name = Release;
		};
		3289612C28AD4FEC00B36207 /* Debug */ = {
			isa = XCBuildConfiguration;
			buildSettings = {
				ASSETCATALOG_COMPILER_APPICON_NAME = AppIcon;
				ASSETCATALOG_COMPILER_GLOBAL_ACCENT_COLOR_NAME = AccentColor;
				CODE_SIGN_STYLE = Automatic;
				CURRENT_PROJECT_VERSION = 1;
				DEVELOPMENT_TEAM = V92LW66S55;
				GENERATE_INFOPLIST_FILE = YES;
				INFOPLIST_FILE = "Challenge5 Handle JSON with Good UI/Info.plist";
				INFOPLIST_KEY_UIApplicationSupportsIndirectInputEvents = YES;
				INFOPLIST_KEY_UILaunchStoryboardName = LaunchScreen;
				INFOPLIST_KEY_UIMainStoryboardFile = Main;
				INFOPLIST_KEY_UISupportedInterfaceOrientations = "UIInterfaceOrientationPortrait UIInterfaceOrientationPortraitUpsideDown UIInterfaceOrientationLandscapeLeft UIInterfaceOrientationLandscapeRight";
				INFOPLIST_KEY_UISupportedInterfaceOrientations_iPad = "UIInterfaceOrientationPortrait UIInterfaceOrientationPortraitUpsideDown UIInterfaceOrientationLandscapeLeft UIInterfaceOrientationLandscapeRight";
				INFOPLIST_KEY_UISupportedInterfaceOrientations_iPhone = "UIInterfaceOrientationPortrait UIInterfaceOrientationLandscapeLeft UIInterfaceOrientationLandscapeRight";
				LD_RUNPATH_SEARCH_PATHS = (
					"$(inherited)",
					"@executable_path/Frameworks",
				);
				MARKETING_VERSION = 1.0;
				PRODUCT_BUNDLE_IDENTIFIER = "com.eng.a.tahan-gmail.Challenge5-Handle-JSON-with-Good-UI";
				PRODUCT_NAME = "$(TARGET_NAME)";
				SWIFT_EMIT_LOC_STRINGS = YES;
				SWIFT_VERSION = 5.0;
				TARGETED_DEVICE_FAMILY = "1,2";
			};
			name = Debug;
		};
		3289612D28AD4FEC00B36207 /* Release */ = {
			isa = XCBuildConfiguration;
			buildSettings = {
				ASSETCATALOG_COMPILER_APPICON_NAME = AppIcon;
				ASSETCATALOG_COMPILER_GLOBAL_ACCENT_COLOR_NAME = AccentColor;
				CODE_SIGN_STYLE = Automatic;
				CURRENT_PROJECT_VERSION = 1;
				DEVELOPMENT_TEAM = V92LW66S55;
				GENERATE_INFOPLIST_FILE = YES;
				INFOPLIST_FILE = "Challenge5 Handle JSON with Good UI/Info.plist";
				INFOPLIST_KEY_UIApplicationSupportsIndirectInputEvents = YES;
				INFOPLIST_KEY_UILaunchStoryboardName = LaunchScreen;
				INFOPLIST_KEY_UIMainStoryboardFile = Main;
				INFOPLIST_KEY_UISupportedInterfaceOrientations = "UIInterfaceOrientationPortrait UIInterfaceOrientationPortraitUpsideDown UIInterfaceOrientationLandscapeLeft UIInterfaceOrientationLandscapeRight";
				INFOPLIST_KEY_UISupportedInterfaceOrientations_iPad = "UIInterfaceOrientationPortrait UIInterfaceOrientationPortraitUpsideDown UIInterfaceOrientationLandscapeLeft UIInterfaceOrientationLandscapeRight";
				INFOPLIST_KEY_UISupportedInterfaceOrientations_iPhone = "UIInterfaceOrientationPortrait UIInterfaceOrientationLandscapeLeft UIInterfaceOrientationLandscapeRight";
				LD_RUNPATH_SEARCH_PATHS = (
					"$(inherited)",
					"@executable_path/Frameworks",
				);
				MARKETING_VERSION = 1.0;
				PRODUCT_BUNDLE_IDENTIFIER = "com.eng.a.tahan-gmail.Challenge5-Handle-JSON-with-Good-UI";
				PRODUCT_NAME = "$(TARGET_NAME)";
				SWIFT_EMIT_LOC_STRINGS = YES;
				SWIFT_VERSION = 5.0;
				TARGETED_DEVICE_FAMILY = "1,2";
			};
			name = Release;
		};
/* End XCBuildConfiguration section */

/* Begin XCConfigurationList section */
		3289611228AD4FEA00B36207 /* Build configuration list for PBXProject "Challenge5 Handle JSON with Good UI" */ = {
			isa = XCConfigurationList;
			buildConfigurations = (
				3289612928AD4FEC00B36207 /* Debug */,
				3289612A28AD4FEC00B36207 /* Release */,
			);
			defaultConfigurationIsVisible = 0;
			defaultConfigurationName = Release;
		};
		3289612B28AD4FEC00B36207 /* Build configuration list for PBXNativeTarget "Challenge5 Handle JSON with Good UI" */ = {
			isa = XCConfigurationList;
			buildConfigurations = (
				3289612C28AD4FEC00B36207 /* Debug */,
				3289612D28AD4FEC00B36207 /* Release */,
			);
			defaultConfigurationIsVisible = 0;
			defaultConfigurationName = Release;
		};
/* End XCConfigurationList section */
	};
	rootObject = 3289610F28AD4FEA00B36207 /* Project object */;
}
